
Microsoft Visual Studio Solution File, Format Version 12.00
# Visual Studio Version 17
VisualStudioVersion = 17.13.35825.156
MinimumVisualStudioVersion = 10.0.40219.1
Project("{9A19103F-16F7-4668-BE54-9A1E7A4F7556}") = "Duo", "Duo.csproj", "{09B60A91-7CCD-4B1C-AF5F-F00489E8DB06}"
EndProject
Project("{9A19103F-16F7-4668-BE54-9A1E7A4F7556}") = "TestMessi", "..\TestProject1\TestMessi.csproj", "{5B9C5859-9998-447B-81BB-DCBC5025943C}"
EndProject
Project("{9A19103F-16F7-4668-BE54-9A1E7A4F7556}") = "Server", "..\Server\Server.csproj", "{1D9F3B3A-04AD-48EC-8284-5E941BE72FE2}"
EndProject
Project("{FAE04EC0-301F-11D3-BF4B-00C04F79EFBC}") = "DuolingoClassLibrary", "..\DuolingoClassLibrary\DuolingoClassLibrary.csproj", "{2AC0CA78-5952-42CC-84D7-BB42CADB0F2D}"
EndProject
Project("{FAE04EC0-301F-11D3-BF4B-00C04F79EFBC}") = "DuolingoWebServer", "..\WebServerTest\DuolingoWebServer.csproj", "{6AEE6A68-2E55-4631-B1DE-6EB94BD219D6}"
EndProject
Global
	GlobalSection(SolutionConfigurationPlatforms) = preSolution
		Debug|Any CPU = Debug|Any CPU
		Debug|ARM64 = Debug|ARM64
		Debug|x64 = Debug|x64
		Debug|x86 = Debug|x86
		Release|Any CPU = Release|Any CPU
		Release|ARM64 = Release|ARM64
		Release|x64 = Release|x64
		Release|x86 = Release|x86
	EndGlobalSection
	GlobalSection(ProjectConfigurationPlatforms) = postSolution
		{09B60A91-7CCD-4B1C-AF5F-F00489E8DB06}.Debug|Any CPU.ActiveCfg = Debug|x64
		{09B60A91-7CCD-4B1C-AF5F-F00489E8DB06}.Debug|Any CPU.Build.0 = Debug|x64
		{09B60A91-7CCD-4B1C-AF5F-F00489E8DB06}.Debug|Any CPU.Deploy.0 = Debug|x64
		{09B60A91-7CCD-4B1C-AF5F-F00489E8DB06}.Debug|ARM64.ActiveCfg = Debug|ARM64
		{09B60A91-7CCD-4B1C-AF5F-F00489E8DB06}.Debug|ARM64.Build.0 = Debug|ARM64
		{09B60A91-7CCD-4B1C-AF5F-F00489E8DB06}.Debug|ARM64.Deploy.0 = Debug|ARM64
		{09B60A91-7CCD-4B1C-AF5F-F00489E8DB06}.Debug|x64.ActiveCfg = Debug|x64
		{09B60A91-7CCD-4B1C-AF5F-F00489E8DB06}.Debug|x64.Build.0 = Debug|x64
		{09B60A91-7CCD-4B1C-AF5F-F00489E8DB06}.Debug|x64.Deploy.0 = Debug|x64
		{09B60A91-7CCD-4B1C-AF5F-F00489E8DB06}.Debug|x86.ActiveCfg = Debug|x86
		{09B60A91-7CCD-4B1C-AF5F-F00489E8DB06}.Debug|x86.Build.0 = Debug|x86
		{09B60A91-7CCD-4B1C-AF5F-F00489E8DB06}.Debug|x86.Deploy.0 = Debug|x86
		{09B60A91-7CCD-4B1C-AF5F-F00489E8DB06}.Release|Any CPU.ActiveCfg = Release|x64
		{09B60A91-7CCD-4B1C-AF5F-F00489E8DB06}.Release|Any CPU.Build.0 = Release|x64
		{09B60A91-7CCD-4B1C-AF5F-F00489E8DB06}.Release|Any CPU.Deploy.0 = Release|x64
		{09B60A91-7CCD-4B1C-AF5F-F00489E8DB06}.Release|ARM64.ActiveCfg = Release|ARM64
		{09B60A91-7CCD-4B1C-AF5F-F00489E8DB06}.Release|ARM64.Build.0 = Release|ARM64
		{09B60A91-7CCD-4B1C-AF5F-F00489E8DB06}.Release|ARM64.Deploy.0 = Release|ARM64
		{09B60A91-7CCD-4B1C-AF5F-F00489E8DB06}.Release|x64.ActiveCfg = Release|x64
		{09B60A91-7CCD-4B1C-AF5F-F00489E8DB06}.Release|x64.Build.0 = Release|x64
		{09B60A91-7CCD-4B1C-AF5F-F00489E8DB06}.Release|x64.Deploy.0 = Release|x64
		{09B60A91-7CCD-4B1C-AF5F-F00489E8DB06}.Release|x86.ActiveCfg = Release|x86
		{09B60A91-7CCD-4B1C-AF5F-F00489E8DB06}.Release|x86.Build.0 = Release|x86
		{09B60A91-7CCD-4B1C-AF5F-F00489E8DB06}.Release|x86.Deploy.0 = Release|x86
		{5B9C5859-9998-447B-81BB-DCBC5025943C}.Debug|Any CPU.ActiveCfg = Debug|x64
		{5B9C5859-9998-447B-81BB-DCBC5025943C}.Debug|Any CPU.Build.0 = Debug|x64
		{5B9C5859-9998-447B-81BB-DCBC5025943C}.Debug|ARM64.ActiveCfg = Debug|Any CPU
		{5B9C5859-9998-447B-81BB-DCBC5025943C}.Debug|ARM64.Build.0 = Debug|Any CPU
		{5B9C5859-9998-447B-81BB-DCBC5025943C}.Debug|x64.ActiveCfg = Debug|x64
		{5B9C5859-9998-447B-81BB-DCBC5025943C}.Debug|x64.Build.0 = Debug|x64
		{5B9C5859-9998-447B-81BB-DCBC5025943C}.Debug|x86.ActiveCfg = Debug|Any CPU
		{5B9C5859-9998-447B-81BB-DCBC5025943C}.Debug|x86.Build.0 = Debug|Any CPU
		{5B9C5859-9998-447B-81BB-DCBC5025943C}.Release|Any CPU.ActiveCfg = Release|Any CPU
		{5B9C5859-9998-447B-81BB-DCBC5025943C}.Release|Any CPU.Build.0 = Release|Any CPU
		{5B9C5859-9998-447B-81BB-DCBC5025943C}.Release|ARM64.ActiveCfg = Release|Any CPU
		{5B9C5859-9998-447B-81BB-DCBC5025943C}.Release|ARM64.Build.0 = Release|Any CPU
		{5B9C5859-9998-447B-81BB-DCBC5025943C}.Release|x64.ActiveCfg = Release|Any CPU
		{5B9C5859-9998-447B-81BB-DCBC5025943C}.Release|x64.Build.0 = Release|Any CPU
		{5B9C5859-9998-447B-81BB-DCBC5025943C}.Release|x86.ActiveCfg = Release|Any CPU
		{5B9C5859-9998-447B-81BB-DCBC5025943C}.Release|x86.Build.0 = Release|Any CPU
		{1D9F3B3A-04AD-48EC-8284-5E941BE72FE2}.Debug|Any CPU.ActiveCfg = Debug|Any CPU
		{1D9F3B3A-04AD-48EC-8284-5E941BE72FE2}.Debug|Any CPU.Build.0 = Debug|Any CPU
		{1D9F3B3A-04AD-48EC-8284-5E941BE72FE2}.Debug|ARM64.ActiveCfg = Debug|Any CPU
		{1D9F3B3A-04AD-48EC-8284-5E941BE72FE2}.Debug|ARM64.Build.0 = Debug|Any CPU
		{1D9F3B3A-04AD-48EC-8284-5E941BE72FE2}.Debug|x64.ActiveCfg = Debug|Any CPU
		{1D9F3B3A-04AD-48EC-8284-5E941BE72FE2}.Debug|x64.Build.0 = Debug|Any CPU
		{1D9F3B3A-04AD-48EC-8284-5E941BE72FE2}.Debug|x86.ActiveCfg = Debug|Any CPU
		{1D9F3B3A-04AD-48EC-8284-5E941BE72FE2}.Debug|x86.Build.0 = Debug|Any CPU
		{1D9F3B3A-04AD-48EC-8284-5E941BE72FE2}.Release|Any CPU.ActiveCfg = Release|Any CPU
		{1D9F3B3A-04AD-48EC-8284-5E941BE72FE2}.Release|Any CPU.Build.0 = Release|Any CPU
		{1D9F3B3A-04AD-48EC-8284-5E941BE72FE2}.Release|ARM64.ActiveCfg = Release|Any CPU
		{1D9F3B3A-04AD-48EC-8284-5E941BE72FE2}.Release|ARM64.Build.0 = Release|Any CPU
		{1D9F3B3A-04AD-48EC-8284-5E941BE72FE2}.Release|x64.ActiveCfg = Release|Any CPU
		{1D9F3B3A-04AD-48EC-8284-5E941BE72FE2}.Release|x64.Build.0 = Release|Any CPU
		{1D9F3B3A-04AD-48EC-8284-5E941BE72FE2}.Release|x86.ActiveCfg = Release|Any CPU
		{1D9F3B3A-04AD-48EC-8284-5E941BE72FE2}.Release|x86.Build.0 = Release|Any CPU
		{2AC0CA78-5952-42CC-84D7-BB42CADB0F2D}.Debug|Any CPU.ActiveCfg = Debug|Any CPU
		{2AC0CA78-5952-42CC-84D7-BB42CADB0F2D}.Debug|Any CPU.Build.0 = Debug|Any CPU
		{2AC0CA78-5952-42CC-84D7-BB42CADB0F2D}.Debug|ARM64.ActiveCfg = Debug|Any CPU
		{2AC0CA78-5952-42CC-84D7-BB42CADB0F2D}.Debug|ARM64.Build.0 = Debug|Any CPU
		{2AC0CA78-5952-42CC-84D7-BB42CADB0F2D}.Debug|x64.ActiveCfg = Debug|Any CPU
		{2AC0CA78-5952-42CC-84D7-BB42CADB0F2D}.Debug|x64.Build.0 = Debug|Any CPU
		{2AC0CA78-5952-42CC-84D7-BB42CADB0F2D}.Debug|x86.ActiveCfg = Debug|Any CPU
		{2AC0CA78-5952-42CC-84D7-BB42CADB0F2D}.Debug|x86.Build.0 = Debug|Any CPU
		{2AC0CA78-5952-42CC-84D7-BB42CADB0F2D}.Release|Any CPU.ActiveCfg = Release|Any CPU
		{2AC0CA78-5952-42CC-84D7-BB42CADB0F2D}.Release|Any CPU.Build.0 = Release|Any CPU
		{2AC0CA78-5952-42CC-84D7-BB42CADB0F2D}.Release|ARM64.ActiveCfg = Release|Any CPU
		{2AC0CA78-5952-42CC-84D7-BB42CADB0F2D}.Release|ARM64.Build.0 = Release|Any CPU
		{2AC0CA78-5952-42CC-84D7-BB42CADB0F2D}.Release|x64.ActiveCfg = Release|Any CPU
		{2AC0CA78-5952-42CC-84D7-BB42CADB0F2D}.Release|x64.Build.0 = Release|Any CPU
		{2AC0CA78-5952-42CC-84D7-BB42CADB0F2D}.Release|x86.ActiveCfg = Release|Any CPU
		{2AC0CA78-5952-42CC-84D7-BB42CADB0F2D}.Release|x86.Build.0 = Release|Any CPU
		{6AEE6A68-2E55-4631-B1DE-6EB94BD219D6}.Debug|Any CPU.ActiveCfg = Debug|Any CPU
		{6AEE6A68-2E55-4631-B1DE-6EB94BD219D6}.Debug|Any CPU.Build.0 = Debug|Any CPU
		{6AEE6A68-2E55-4631-B1DE-6EB94BD219D6}.Debug|ARM64.ActiveCfg = Debug|Any CPU
		{6AEE6A68-2E55-4631-B1DE-6EB94BD219D6}.Debug|ARM64.Build.0 = Debug|Any CPU
		{6AEE6A68-2E55-4631-B1DE-6EB94BD219D6}.Debug|x64.ActiveCfg = Debug|Any CPU
		{6AEE6A68-2E55-4631-B1DE-6EB94BD219D6}.Debug|x64.Build.0 = Debug|Any CPU
		{6AEE6A68-2E55-4631-B1DE-6EB94BD219D6}.Debug|x86.ActiveCfg = Debug|Any CPU
		{6AEE6A68-2E55-4631-B1DE-6EB94BD219D6}.Debug|x86.Build.0 = Debug|Any CPU
		{6AEE6A68-2E55-4631-B1DE-6EB94BD219D6}.Release|Any CPU.ActiveCfg = Release|Any CPU
		{6AEE6A68-2E55-4631-B1DE-6EB94BD219D6}.Release|Any CPU.Build.0 = Release|Any CPU
		{6AEE6A68-2E55-4631-B1DE-6EB94BD219D6}.Release|ARM64.ActiveCfg = Release|Any CPU
		{6AEE6A68-2E55-4631-B1DE-6EB94BD219D6}.Release|ARM64.Build.0 = Release|Any CPU
		{6AEE6A68-2E55-4631-B1DE-6EB94BD219D6}.Release|x64.ActiveCfg = Release|Any CPU
		{6AEE6A68-2E55-4631-B1DE-6EB94BD219D6}.Release|x64.Build.0 = Release|Any CPU
		{6AEE6A68-2E55-4631-B1DE-6EB94BD219D6}.Release|x86.ActiveCfg = Release|Any CPU
		{6AEE6A68-2E55-4631-B1DE-6EB94BD219D6}.Release|x86.Build.0 = Release|Any CPU
	EndGlobalSection
	GlobalSection(SolutionProperties) = preSolution
		HideSolutionNode = FALSE
	EndGlobalSection
	GlobalSection(ExtensibilityGlobals) = postSolution
		SolutionGuid = {5399CB34-2E0A-48CE-BF3A-9CAE820CA2AC}
	EndGlobalSection
EndGlobal
